
Microsoft Visual Studio Solution File, Format Version 12.00
# Visual Studio Version 16
VisualStudioVersion = 16.0.29509.3
MinimumVisualStudioVersion = 10.0.40219.1
Project("{FAE04EC0-301F-11D3-BF4B-00C04F79EFBC}") = "Gomoku", "Gomoku\Gomoku.csproj", "{49A3678F-5693-4C4F-8D1D-EA8CEDF74C89}"
EndProject
Global
	GlobalSection(SolutionConfigurationPlatforms) = preSolution
		Debug|Any CPU = Debug|Any CPU
		Release|Any CPU = Release|Any CPU
	EndGlobalSection
	GlobalSection(ProjectConfigurationPlatforms) = postSolution
		{49A3678F-5693-4C4F-8D1D-EA8CEDF74C89}.Debug|Any CPU.ActiveCfg = Debug|Any CPU
		{49A3678F-5693-4C4F-8D1D-EA8CEDF74C89}.Debug|Any CPU.Build.0 = Debug|Any CPU
		{49A3678F-5693-4C4F-8D1D-EA8CEDF74C89}.Release|Any CPU.ActiveCfg = Release|Any CPU
		{49A3678F-5693-4C4F-8D1D-EA8CEDF74C89}.Release|Any CPU.Build.0 = Release|Any CPU
	EndGlobalSection
	GlobalSection(SolutionProperties) = preSolution
		HideSolutionNode = FALSE
	EndGlobalSection
	GlobalSection(ExtensibilityGlobals) = postSolution
		SolutionGuid = {17BBB971-6C0D-422C-B402-3EEA91464C17}
	EndGlobalSection
EndGlobal
